Microsoft Visual Studio Solution File, Format Version 10.00
# Visual Studio 2008
Project("{FAE04EC0-301F-11D3-BF4B-00C04F79EFBC}") = "LayoutControl_CalcHitInfo", "LayoutControl_CalcHitInfo\LayoutControl_CalcHitInfo.csproj", "{A0BA815C-D3C8-44E4-ABC4-75203C5CE52A}"
EndProject
Global
	GlobalSection(SolutionConfigurationPlatforms) = preSolution
		Debug|Any CPU = Debug|Any CPU
		Release|Any CPU = Release|Any CPU
	EndGlobalSection
	GlobalSection(ProjectConfigurationPlatforms) = postSolution
		{A0BA815C-D3C8-44E4-ABC4-75203C5CE52A}.Debug|Any CPU.ActiveCfg = Debug|Any CPU
		{A0BA815C-D3C8-44E4-ABC4-75203C5CE52A}.Debug|Any CPU.Build.0 = Debug|Any CPU
		{A0BA815C-D3C8-44E4-ABC4-75203C5CE52A}.Release|Any CPU.ActiveCfg = Release|Any CPU
		{A0BA815C-D3C8-44E4-ABC4-75203C5CE52A}.Release|Any CPU.Build.0 = Release|Any CPU
	EndGlobalSection
	GlobalSection(SolutionProperties) = preSolution
		HideSolutionNode = FALSE
	EndGlobalSection
EndGlobal
